// !$*UTF8*$!
{
	archiveVersion = 1;
	classes = {
	};
	objectVersion = 56;
	objects = {

/* Begin PBXBuildFile section */
		842DE2BC29B7364B00505564 /* UIActivityIndicatorView+Extension.swift in Sources */ = {isa = PBXBuildFile; fileRef = 842DE2BB29B7364B00505564 /* UIActivityIndicatorView+Extension.swift */; };
		842DE2BE29B73D7F00505564 /* GoogleResponseModel.swift in Sources */ = {isa = PBXBuildFile; fileRef = 842DE2BD29B73D7F00505564 /* GoogleResponseModel.swift */; };
		842DE2C229B7419300505564 /* APIService.swift in Sources */ = {isa = PBXBuildFile; fileRef = 842DE2C129B7419300505564 /* APIService.swift */; };
		842DE2C429B74ABE00505564 /* NetworkService.swift in Sources */ = {isa = PBXBuildFile; fileRef = 842DE2C329B74ABE00505564 /* NetworkService.swift */; };
		8476769829B75ADD00439CC2 /* SearchViewPresenterProtocol.swift in Sources */ = {isa = PBXBuildFile; fileRef = 8476769729B75ADD00439CC2 /* SearchViewPresenterProtocol.swift */; };
		8476769A29B7661D00439CC2 /* SearchPresenter.swift in Sources */ = {isa = PBXBuildFile; fileRef = 8476769929B7661C00439CC2 /* SearchPresenter.swift */; };
		8476769D29B7688000439CC2 /* SearchViewProtocol.swift in Sources */ = {isa = PBXBuildFile; fileRef = 8476769C29B7688000439CC2 /* SearchViewProtocol.swift */; };
		84B0E49A29B70B340068EC00 /* AppDelegate.swift in Sources */ = {isa = PBXBuildFile; fileRef = 84B0E49929B70B340068EC00 /* AppDelegate.swift */; };
		84B0E4A329B70B340068EC00 /* Assets.xcassets in Resources */ = {isa = PBXBuildFile; fileRef = 84B0E4A229B70B340068EC00 /* Assets.xcassets */; };
		84B0E4A629B70B340068EC00 /* LaunchScreen.storyboard in Resources */ = {isa = PBXBuildFile; fileRef = 84B0E4A429B70B340068EC00 /* LaunchScreen.storyboard */; };
		84B4E3CA29B71A120057C03F /* MainTabBarController.swift in Sources */ = {isa = PBXBuildFile; fileRef = 84B4E3C929B71A120057C03F /* MainTabBarController.swift */; };
		84B4E3CC29B71A590057C03F /* TabBarItemConfiguration.swift in Sources */ = {isa = PBXBuildFile; fileRef = 84B4E3CB29B71A590057C03F /* TabBarItemConfiguration.swift */; };
		84B4E3CE29B71C000057C03F /* MainTabBarItem.swift in Sources */ = {isa = PBXBuildFile; fileRef = 84B4E3CD29B71C000057C03F /* MainTabBarItem.swift */; };
		84B4E3D029B720E70057C03F /* SearchViewController.swift in Sources */ = {isa = PBXBuildFile; fileRef = 84B4E3CF29B720E70057C03F /* SearchViewController.swift */; };
		84B4E3D229B721050057C03F /* FavoriteViewController.swift in Sources */ = {isa = PBXBuildFile; fileRef = 84B4E3D129B721050057C03F /* FavoriteViewController.swift */; };
		84B4E3D429B725BD0057C03F /* SearchView.swift in Sources */ = {isa = PBXBuildFile; fileRef = 84B4E3D329B725BD0057C03F /* SearchView.swift */; };
		84B4E3DB29B726670057C03F /* MarkPro-Bold.ttf in Resources */ = {isa = PBXBuildFile; fileRef = 84B4E3D729B726670057C03F /* MarkPro-Bold.ttf */; };
		84B4E3DC29B726670057C03F /* MarkPro-Regular.ttf in Resources */ = {isa = PBXBuildFile; fileRef = 84B4E3D829B726670057C03F /* MarkPro-Regular.ttf */; };
		84B4E3DD29B726670057C03F /* MarkPro-Medium.ttf in Resources */ = {isa = PBXBuildFile; fileRef = 84B4E3D929B726670057C03F /* MarkPro-Medium.ttf */; };
		84B4E3DE29B726670057C03F /* MarkPro-Heavy.ttf in Resources */ = {isa = PBXBuildFile; fileRef = 84B4E3DA29B726670057C03F /* MarkPro-Heavy.ttf */; };
		84B4E3E029B726C80057C03F /* UIStackView+Extension.swift in Sources */ = {isa = PBXBuildFile; fileRef = 84B4E3DF29B726C80057C03F /* UIStackView+Extension.swift */; };
		84B4E3E229B726EF0057C03F /* UIColor+Extension.swift in Sources */ = {isa = PBXBuildFile; fileRef = 84B4E3E129B726EF0057C03F /* UIColor+Extension.swift */; };
		84B4E3E429B727190057C03F /* UIView+Extension.swift in Sources */ = {isa = PBXBuildFile; fileRef = 84B4E3E329B727190057C03F /* UIView+Extension.swift */; };
		84B4E3E629B727530057C03F /* UIFont+Extension.swift in Sources */ = {isa = PBXBuildFile; fileRef = 84B4E3E529B727530057C03F /* UIFont+Extension.swift */; };
		84B4E3E929B7296B0057C03F /* MainTableView.swift in Sources */ = {isa = PBXBuildFile; fileRef = 84B4E3E829B7296B0057C03F /* MainTableView.swift */; };
		84B4E3EB29B72A000057C03F /* MainTableViewCell.swift in Sources */ = {isa = PBXBuildFile; fileRef = 84B4E3EA29B72A000057C03F /* MainTableViewCell.swift */; };
		84B4E3ED29B72B050057C03F /* UILabel+Extension.swift in Sources */ = {isa = PBXBuildFile; fileRef = 84B4E3EC29B72B050057C03F /* UILabel+Extension.swift */; };
		84FB096C29B74CD60046EA07 /* NetworkError.swift in Sources */ = {isa = PBXBuildFile; fileRef = 84FB096B29B74CD60046EA07 /* NetworkError.swift */; };
		A5CFE6960227A34619B7A09A /* Pods_GoogleBooks.framework in Frameworks */ = {isa = PBXBuildFile; fileRef = AD2577D9CFECC8F96FEEF78C /* Pods_GoogleBooks.framework */; };
/* End PBXBuildFile section */

/* Begin PBXFileReference section */
		6BC570BD37FC84A846C4223F /* Pods-GoogleBooks.debug.xcconfig */ = {isa = PBXFileReference; includeInIndex = 1; lastKnownFileType = text.xcconfig; name = "Pods-GoogleBooks.debug.xcconfig"; path = "Target Support Files/Pods-GoogleBooks/Pods-GoogleBooks.debug.xcconfig"; sourceTree = "<group>"; };
		842DE2BB29B7364B00505564 /* UIActivityIndicatorView+Extension.swift */ = {isa = PBXFileReference; lastKnownFileType = sourcecode.swift; path = "UIActivityIndicatorView+Extension.swift"; sourceTree = "<group>"; };
		842DE2BD29B73D7F00505564 /* GoogleResponseModel.swift */ = {isa = PBXFileReference; lastKnownFileType = sourcecode.swift; path = GoogleResponseModel.swift; sourceTree = "<group>"; };
		842DE2C129B7419300505564 /* APIService.swift */ = {isa = PBXFileReference; lastKnownFileType = sourcecode.swift; path = APIService.swift; sourceTree = "<group>"; };
		842DE2C329B74ABE00505564 /* NetworkService.swift */ = {isa = PBXFileReference; lastKnownFileType = sourcecode.swift; path = NetworkService.swift; sourceTree = "<group>"; };
		8476769729B75ADD00439CC2 /* SearchViewPresenterProtocol.swift */ = {isa = PBXFileReference; lastKnownFileType = sourcecode.swift; path = SearchViewPresenterProtocol.swift; sourceTree = "<group>"; };
		8476769929B7661C00439CC2 /* SearchPresenter.swift */ = {isa = PBXFileReference; lastKnownFileType = sourcecode.swift; path = SearchPresenter.swift; sourceTree = "<group>"; };
		8476769C29B7688000439CC2 /* SearchViewProtocol.swift */ = {isa = PBXFileReference; lastKnownFileType = sourcecode.swift; path = SearchViewProtocol.swift; sourceTree = "<group>"; };
		84B0E49629B70B340068EC00 /* GoogleBooks.app */ = {isa = PBXFileReference; explicitFileType = wrapper.application; includeInIndex = 0; path = GoogleBooks.app; sourceTree = BUILT_PRODUCTS_DIR; };
		84B0E49929B70B340068EC00 /* AppDelegate.swift */ = {isa = PBXFileReference; lastKnownFileType = sourcecode.swift; path = AppDelegate.swift; sourceTree = "<group>"; };
		84B0E4A229B70B340068EC00 /* Assets.xcassets */ = {isa = PBXFileReference; lastKnownFileType = folder.assetcatalog; path = Assets.xcassets; sourceTree = "<group>"; };
		84B0E4A529B70B340068EC00 /* Base */ = {isa = PBXFileReference; lastKnownFileType = file.storyboard; name = Base; path = Base.lproj/LaunchScreen.storyboard; sourceTree = "<group>"; };
		84B0E4A729B70B340068EC00 /* Info.plist */ = {isa = PBXFileReference; lastKnownFileType = text.plist.xml; path = Info.plist; sourceTree = "<group>"; };
		84B4E3C929B71A120057C03F /* MainTabBarController.swift */ = {isa = PBXFileReference; lastKnownFileType = sourcecode.swift; path = MainTabBarController.swift; sourceTree = "<group>"; };
		84B4E3CB29B71A590057C03F /* TabBarItemConfiguration.swift */ = {isa = PBXFileReference; lastKnownFileType = sourcecode.swift; path = TabBarItemConfiguration.swift; sourceTree = "<group>"; };
		84B4E3CD29B71C000057C03F /* MainTabBarItem.swift */ = {isa = PBXFileReference; lastKnownFileType = sourcecode.swift; path = MainTabBarItem.swift; sourceTree = "<group>"; };
		84B4E3CF29B720E70057C03F /* SearchViewController.swift */ = {isa = PBXFileReference; lastKnownFileType = sourcecode.swift; path = SearchViewController.swift; sourceTree = "<group>"; };
		84B4E3D129B721050057C03F /* FavoriteViewController.swift */ = {isa = PBXFileReference; lastKnownFileType = sourcecode.swift; path = FavoriteViewController.swift; sourceTree = "<group>"; };
		84B4E3D329B725BD0057C03F /* SearchView.swift */ = {isa = PBXFileReference; lastKnownFileType = sourcecode.swift; path = SearchView.swift; sourceTree = "<group>"; };
		84B4E3D729B726670057C03F /* MarkPro-Bold.ttf */ = {isa = PBXFileReference; lastKnownFileType = file; path = "MarkPro-Bold.ttf"; sourceTree = "<group>"; };
		84B4E3D829B726670057C03F /* MarkPro-Regular.ttf */ = {isa = PBXFileReference; lastKnownFileType = file; path = "MarkPro-Regular.ttf"; sourceTree = "<group>"; };
		84B4E3D929B726670057C03F /* MarkPro-Medium.ttf */ = {isa = PBXFileReference; lastKnownFileType = file; path = "MarkPro-Medium.ttf"; sourceTree = "<group>"; };
		84B4E3DA29B726670057C03F /* MarkPro-Heavy.ttf */ = {isa = PBXFileReference; lastKnownFileType = file; path = "MarkPro-Heavy.ttf"; sourceTree = "<group>"; };
		84B4E3DF29B726C80057C03F /* UIStackView+Extension.swift */ = {isa = PBXFileReference; lastKnownFileType = sourcecode.swift; path = "UIStackView+Extension.swift"; sourceTree = "<group>"; };
		84B4E3E129B726EF0057C03F /* UIColor+Extension.swift */ = {isa = PBXFileReference; lastKnownFileType = sourcecode.swift; path = "UIColor+Extension.swift"; sourceTree = "<group>"; };
		84B4E3E329B727190057C03F /* UIView+Extension.swift */ = {isa = PBXFileReference; lastKnownFileType = sourcecode.swift; path = "UIView+Extension.swift"; sourceTree = "<group>"; };
		84B4E3E529B727530057C03F /* UIFont+Extension.swift */ = {isa = PBXFileReference; lastKnownFileType = sourcecode.swift; path = "UIFont+Extension.swift"; sourceTree = "<group>"; };
		84B4E3E829B7296B0057C03F /* MainTableView.swift */ = {isa = PBXFileReference; lastKnownFileType = sourcecode.swift; path = MainTableView.swift; sourceTree = "<group>"; };
		84B4E3EA29B72A000057C03F /* MainTableViewCell.swift */ = {isa = PBXFileReference; lastKnownFileType = sourcecode.swift; path = MainTableViewCell.swift; sourceTree = "<group>"; };
		84B4E3EC29B72B050057C03F /* UILabel+Extension.swift */ = {isa = PBXFileReference; lastKnownFileType = sourcecode.swift; path = "UILabel+Extension.swift"; sourceTree = "<group>"; };
		84FB096429B74C540046EA07 /* Alamofire.framework */ = {isa = PBXFileReference; explicitFileType = wrapper.framework; path = Alamofire.framework; sourceTree = BUILT_PRODUCTS_DIR; };
		84FB096529B74C540046EA07 /* SnapKit.framework */ = {isa = PBXFileReference; explicitFileType = wrapper.framework; path = SnapKit.framework; sourceTree = BUILT_PRODUCTS_DIR; };
		84FB096B29B74CD60046EA07 /* NetworkError.swift */ = {isa = PBXFileReference; lastKnownFileType = sourcecode.swift; path = NetworkError.swift; sourceTree = "<group>"; };
		91CE70E937C94FA9D58B6FE2 /* Pods-GoogleBooks.release.xcconfig */ = {isa = PBXFileReference; includeInIndex = 1; lastKnownFileType = text.xcconfig; name = "Pods-GoogleBooks.release.xcconfig"; path = "Target Support Files/Pods-GoogleBooks/Pods-GoogleBooks.release.xcconfig"; sourceTree = "<group>"; };
		AD2577D9CFECC8F96FEEF78C /* Pods_GoogleBooks.framework */ = {isa = PBXFileReference; explicitFileType = wrapper.framework; includeInIndex = 0; path = Pods_GoogleBooks.framework; sourceTree = BUILT_PRODUCTS_DIR; };
/* End PBXFileReference section */

/* Begin PBXFrameworksBuildPhase section */
		84B0E49329B70B340068EC00 /* Frameworks */ = {
			isa = PBXFrameworksBuildPhase;
			buildActionMask = 2147483647;
			files = (
				A5CFE6960227A34619B7A09A /* Pods_GoogleBooks.framework in Frameworks */,
			);
			runOnlyForDeploymentPostprocessing = 0;
		};
/* End PBXFrameworksBuildPhase section */

/* Begin PBXGroup section */
		63194CD51EEE41FAA2E2AE12 /* Pods */ = {
			isa = PBXGroup;
			children = (
				6BC570BD37FC84A846C4223F /* Pods-GoogleBooks.debug.xcconfig */,
				91CE70E937C94FA9D58B6FE2 /* Pods-GoogleBooks.release.xcconfig */,
			);
			path = Pods;
			sourceTree = "<group>";
		};
		842DE2BF29B7416B00505564 /* Services */ = {
			isa = PBXGroup;
			children = (
				842DE2C029B7417E00505564 /* NetworkServices */,
			);
			path = Services;
			sourceTree = "<group>";
		};
		842DE2C029B7417E00505564 /* NetworkServices */ = {
			isa = PBXGroup;
			children = (
				842DE2C129B7419300505564 /* APIService.swift */,
				842DE2C329B74ABE00505564 /* NetworkService.swift */,
				84FB096B29B74CD60046EA07 /* NetworkError.swift */,
			);
			path = NetworkServices;
			sourceTree = "<group>";
		};
		8476769B29B7686500439CC2 /* Protocols */ = {
			isa = PBXGroup;
			children = (
				8476769729B75ADD00439CC2 /* SearchViewPresenterProtocol.swift */,
				8476769C29B7688000439CC2 /* SearchViewProtocol.swift */,
			);
			path = Protocols;
			sourceTree = "<group>";
		};
		8476769E29B7692600439CC2 /* Cell */ = {
			isa = PBXGroup;
			children = (
				84B4E3EA29B72A000057C03F /* MainTableViewCell.swift */,
			);
			path = Cell;
			sourceTree = "<group>";
		};
		8476769F29B7693C00439CC2 /* CustomView */ = {
			isa = PBXGroup;
			children = (
				84B4E3E829B7296B0057C03F /* MainTableView.swift */,
				8476769E29B7692600439CC2 /* Cell */,
			);
			path = CustomView;
			sourceTree = "<group>";
		};
		84B0E48D29B70B340068EC00 = {
			isa = PBXGroup;
			children = (
				84B4E3D629B726670057C03F /* Fonts */,
				84B0E49829B70B340068EC00 /* GoogleBooks */,
				84B0E49729B70B340068EC00 /* Products */,
				63194CD51EEE41FAA2E2AE12 /* Pods */,
				8BE0E896D6C9144DDFBAB295 /* Frameworks */,
			);
			sourceTree = "<group>";
		};
		84B0E49729B70B340068EC00 /* Products */ = {
			isa = PBXGroup;
			children = (
				84B0E49629B70B340068EC00 /* GoogleBooks.app */,
			);
			name = Products;
			sourceTree = "<group>";
		};
		84B0E49829B70B340068EC00 /* GoogleBooks */ = {
			isa = PBXGroup;
			children = (
				84B4E3E729B727760057C03F /* Extensions */,
				84CDC36C29B72FB6001CF377 /* Resources */,
				84CDC36D29B72FBD001CF377 /* Sources */,
			);
			path = GoogleBooks;
			sourceTree = "<group>";
		};
		84B4E3D629B726670057C03F /* Fonts */ = {
			isa = PBXGroup;
			children = (
				84B4E3D729B726670057C03F /* MarkPro-Bold.ttf */,
				84B4E3D829B726670057C03F /* MarkPro-Regular.ttf */,
				84B4E3D929B726670057C03F /* MarkPro-Medium.ttf */,
				84B4E3DA29B726670057C03F /* MarkPro-Heavy.ttf */,
			);
			path = Fonts;
			sourceTree = "<group>";
		};
		84B4E3E729B727760057C03F /* Extensions */ = {
			isa = PBXGroup;
			children = (
				84B4E3E529B727530057C03F /* UIFont+Extension.swift */,
				84B4E3E329B727190057C03F /* UIView+Extension.swift */,
				84B4E3E129B726EF0057C03F /* UIColor+Extension.swift */,
				84B4E3DF29B726C80057C03F /* UIStackView+Extension.swift */,
				84B4E3EC29B72B050057C03F /* UILabel+Extension.swift */,
				842DE2BB29B7364B00505564 /* UIActivityIndicatorView+Extension.swift */,
			);
			path = Extensions;
			sourceTree = "<group>";
		};
		84CDC36C29B72FB6001CF377 /* Resources */ = {
			isa = PBXGroup;
			children = (
				84B0E4A229B70B340068EC00 /* Assets.xcassets */,
				84B0E4A429B70B340068EC00 /* LaunchScreen.storyboard */,
				84B0E4A729B70B340068EC00 /* Info.plist */,
			);
			path = Resources;
			sourceTree = "<group>";
		};
		84CDC36D29B72FBD001CF377 /* Sources */ = {
			isa = PBXGroup;
			children = (
				842DE2BF29B7416B00505564 /* Services */,
				84CDC37429B7304A001CF377 /* Setups */,
				84CDC37329B73010001CF377 /* Common */,
				84CDC36E29B72FD0001CF377 /* Scenes */,
				84B4E3D129B721050057C03F /* FavoriteViewController.swift */,
			);
			path = Sources;
			sourceTree = "<group>";
		};
		84CDC36E29B72FD0001CF377 /* Scenes */ = {
			isa = PBXGroup;
			children = (
				84CDC36F29B72FD8001CF377 /* Search */,
			);
			path = Scenes;
			sourceTree = "<group>";
		};
		84CDC36F29B72FD8001CF377 /* Search */ = {
			isa = PBXGroup;
			children = (
				8476769B29B7686500439CC2 /* Protocols */,
				84CDC37229B72FEE001CF377 /* Presenter */,
				84CDC37129B72FEA001CF377 /* View */,
				84CDC37029B72FE5001CF377 /* Model */,
			);
			path = Search;
			sourceTree = "<group>";
		};
		84CDC37029B72FE5001CF377 /* Model */ = {
			isa = PBXGroup;
			children = (
				842DE2BD29B73D7F00505564 /* GoogleResponseModel.swift */,
			);
			path = Model;
			sourceTree = "<group>";
		};
		84CDC37129B72FEA001CF377 /* View */ = {
			isa = PBXGroup;
			children = (
				84B4E3CF29B720E70057C03F /* SearchViewController.swift */,
				84B4E3D329B725BD0057C03F /* SearchView.swift */,
			);
			path = View;
			sourceTree = "<group>";
		};
		84CDC37229B72FEE001CF377 /* Presenter */ = {
			isa = PBXGroup;
			children = (
				8476769929B7661C00439CC2 /* SearchPresenter.swift */,
			);
			path = Presenter;
			sourceTree = "<group>";
		};
		84CDC37329B73010001CF377 /* Common */ = {
			isa = PBXGroup;
			children = (
				8476769F29B7693C00439CC2 /* CustomView */,
				84B4E3CB29B71A590057C03F /* TabBarItemConfiguration.swift */,
				84B4E3CD29B71C000057C03F /* MainTabBarItem.swift */,
				84B4E3C929B71A120057C03F /* MainTabBarController.swift */,
			);
			path = Common;
			sourceTree = "<group>";
		};
		84CDC37429B7304A001CF377 /* Setups */ = {
			isa = PBXGroup;
			children = (
				84B0E49929B70B340068EC00 /* AppDelegate.swift */,
			);
			path = Setups;
			sourceTree = "<group>";
		};
		8BE0E896D6C9144DDFBAB295 /* Frameworks */ = {
			isa = PBXGroup;
			children = (
				84FB096429B74C540046EA07 /* Alamofire.framework */,
				84FB096529B74C540046EA07 /* SnapKit.framework */,
				AD2577D9CFECC8F96FEEF78C /* Pods_GoogleBooks.framework */,
			);
			name = Frameworks;
			sourceTree = "<group>";
		};
/* End PBXGroup section */

/* Begin PBXNativeTarget section */
		84B0E49529B70B340068EC00 /* GoogleBooks */ = {
			isa = PBXNativeTarget;
			buildConfigurationList = 84B0E4AA29B70B340068EC00 /* Build configuration list for PBXNativeTarget "GoogleBooks" */;
			buildPhases = (
				9462F7580ED0AFCA0CACF829 /* [CP] Check Pods Manifest.lock */,
				84B0E49229B70B340068EC00 /* Sources */,
				84B0E49329B70B340068EC00 /* Frameworks */,
				84B0E49429B70B340068EC00 /* Resources */,
				F600E0B3493F52DD0DBA405A /* [CP] Embed Pods Frameworks */,
			);
			buildRules = (
			);
			dependencies = (
			);
			name = GoogleBooks;
			productName = GoogleBooks;
			productReference = 84B0E49629B70B340068EC00 /* GoogleBooks.app */;
			productType = "com.apple.product-type.application";
		};
/* End PBXNativeTarget section */

/* Begin PBXProject section */
		84B0E48E29B70B340068EC00 /* Project object */ = {
			isa = PBXProject;
			attributes = {
				BuildIndependentTargetsInParallel = 1;
				LastSwiftUpdateCheck = 1420;
				LastUpgradeCheck = 1420;
				TargetAttributes = {
					84B0E49529B70B340068EC00 = {
						CreatedOnToolsVersion = 14.2;
					};
				};
			};
			buildConfigurationList = 84B0E49129B70B340068EC00 /* Build configuration list for PBXProject "GoogleBooks" */;
			compatibilityVersion = "Xcode 14.0";
			developmentRegion = en;
			hasScannedForEncodings = 0;
			knownRegions = (
				en,
				Base,
			);
			mainGroup = 84B0E48D29B70B340068EC00;
			productRefGroup = 84B0E49729B70B340068EC00 /* Products */;
			projectDirPath = "";
			projectRoot = "";
			targets = (
				84B0E49529B70B340068EC00 /* GoogleBooks */,
			);
		};
/* End PBXProject section */

/* Begin PBXResourcesBuildPhase section */
		84B0E49429B70B340068EC00 /* Resources */ = {
			isa = PBXResourcesBuildPhase;
			buildActionMask = 2147483647;
			files = (
				84B4E3DE29B726670057C03F /* MarkPro-Heavy.ttf in Resources */,
				84B0E4A629B70B340068EC00 /* LaunchScreen.storyboard in Resources */,
				84B4E3DC29B726670057C03F /* MarkPro-Regular.ttf in Resources */,
				84B4E3DD29B726670057C03F /* MarkPro-Medium.ttf in Resources */,
				84B0E4A329B70B340068EC00 /* Assets.xcassets in Resources */,
				84B4E3DB29B726670057C03F /* MarkPro-Bold.ttf in Resources */,
			);
			runOnlyForDeploymentPostprocessing = 0;
		};
/* End PBXResourcesBuildPhase section */

/* Begin PBXShellScriptBuildPhase section */
		9462F7580ED0AFCA0CACF829 /* [CP] Check Pods Manifest.lock */ = {
			isa = PBXShellScriptBuildPhase;
			buildActionMask = 2147483647;
			files = (
			);
			inputFileListPaths = (
			);
			inputPaths = (
				"${PODS_PODFILE_DIR_PATH}/Podfile.lock",
				"${PODS_ROOT}/Manifest.lock",
			);
			name = "[CP] Check Pods Manifest.lock";
			outputFileListPaths = (
			);
			outputPaths = (
				"$(DERIVED_FILE_DIR)/Pods-GoogleBooks-checkManifestLockResult.txt",
			);
			runOnlyForDeploymentPostprocessing = 0;
			shellPath = /bin/sh;
			shellScript = "diff \"${PODS_PODFILE_DIR_PATH}/Podfile.lock\" \"${PODS_ROOT}/Manifest.lock\" > /dev/null\nif [ $? != 0 ] ; then\n    # print error to STDERR\n    echo \"error: The sandbox is not in sync with the Podfile.lock. Run 'pod install' or update your CocoaPods installation.\" >&2\n    exit 1\nfi\n# This output is used by Xcode 'outputs' to avoid re-running this script phase.\necho \"SUCCESS\" > \"${SCRIPT_OUTPUT_FILE_0}\"\n";
			showEnvVarsInLog = 0;
		};
		F600E0B3493F52DD0DBA405A /* [CP] Embed Pods Frameworks */ = {
			isa = PBXShellScriptBuildPhase;
			buildActionMask = 2147483647;
			files = (
			);
			inputFileListPaths = (
				"${PODS_ROOT}/Target Support Files/Pods-GoogleBooks/Pods-GoogleBooks-frameworks-${CONFIGURATION}-input-files.xcfilelist",
			);
			name = "[CP] Embed Pods Frameworks";
			outputFileListPaths = (
				"${PODS_ROOT}/Target Support Files/Pods-GoogleBooks/Pods-GoogleBooks-frameworks-${CONFIGURATION}-output-files.xcfilelist",
			);
			runOnlyForDeploymentPostprocessing = 0;
			shellPath = /bin/sh;
			shellScript = "\"${PODS_ROOT}/Target Support Files/Pods-GoogleBooks/Pods-GoogleBooks-frameworks.sh\"\n";
			showEnvVarsInLog = 0;
		};
/* End PBXShellScriptBuildPhase section */

/* Begin PBXSourcesBuildPhase section */
		84B0E49229B70B340068EC00 /* Sources */ = {
			isa = PBXSourcesBuildPhase;
			buildActionMask = 2147483647;
			files = (
				842DE2C229B7419300505564 /* APIService.swift in Sources */,
				84B4E3EB29B72A000057C03F /* MainTableViewCell.swift in Sources */,
				842DE2BE29B73D7F00505564 /* GoogleResponseModel.swift in Sources */,
				84B4E3D029B720E70057C03F /* SearchViewController.swift in Sources */,
				842DE2C429B74ABE00505564 /* NetworkService.swift in Sources */,
				84B4E3CC29B71A590057C03F /* TabBarItemConfiguration.swift in Sources */,
				84B0E49A29B70B340068EC00 /* AppDelegate.swift in Sources */,
				84B4E3E229B726EF0057C03F /* UIColor+Extension.swift in Sources */,
				8476769D29B7688000439CC2 /* SearchViewProtocol.swift in Sources */,
				84B4E3D429B725BD0057C03F /* SearchView.swift in Sources */,
				842DE2BC29B7364B00505564 /* UIActivityIndicatorView+Extension.swift in Sources */,
				84B4E3CE29B71C000057C03F /* MainTabBarItem.swift in Sources */,
				84B4E3E929B7296B0057C03F /* MainTableView.swift in Sources */,
				84B4E3E029B726C80057C03F /* UIStackView+Extension.swift in Sources */,
				8476769829B75ADD00439CC2 /* SearchViewPresenterProtocol.swift in Sources */,
				84B4E3D229B721050057C03F /* FavoriteViewController.swift in Sources */,
				84B4E3ED29B72B050057C03F /* UILabel+Extension.swift in Sources */,
				84B4E3E429B727190057C03F /* UIView+Extension.swift in Sources */,
				84B4E3CA29B71A120057C03F /* MainTabBarController.swift in Sources */,
				84B4E3E629B727530057C03F /* UIFont+Extension.swift in Sources */,
				84FB096C29B74CD60046EA07 /* NetworkError.swift in Sources */,
				8476769A29B7661D00439CC2 /* SearchPresenter.swift in Sources */,
			);
			runOnlyForDeploymentPostprocessing = 0;
		};
/* End PBXSourcesBuildPhase section */

/* Begin PBXVariantGroup section */
		84B0E4A429B70B340068EC00 /* LaunchScreen.storyboard */ = {
			isa = PBXVariantGroup;
			children = (
				84B0E4A529B70B340068EC00 /* Base */,
			);
			name = LaunchScreen.storyboard;
			sourceTree = "<group>";
		};
/* End PBXVariantGroup section */

/* Begin XCBuildConfiguration section */
		84B0E4A829B70B340068EC00 /* Debug */ = {
			isa = XCBuildConfiguration;
			buildSettings = {
				ALWAYS_SEARCH_USER_PATHS = NO;
				CLANG_ANALYZER_NONNULL = YES;
				CLANG_ANALYZER_NUMBER_OBJECT_CONVERSION = YES_AGGRESSIVE;
				CLANG_CXX_LANGUAGE_STANDARD = "gnu++20";
				CLANG_ENABLE_MODULES = YES;
				CLANG_ENABLE_OBJC_ARC = YES;
				CLANG_ENABLE_OBJC_WEAK = YES;
				CLANG_WARN_BLOCK_CAPTURE_AUTORELEASING = YES;
				CLANG_WARN_BOOL_CONVERSION = YES;
				CLANG_WARN_COMMA = YES;
				CLANG_WARN_CONSTANT_CONVERSION = YES;
				CLANG_WARN_DEPRECATED_OBJC_IMPLEMENTATIONS = YES;
				CLANG_WARN_DIRECT_OBJC_ISA_USAGE = YES_ERROR;
				CLANG_WARN_DOCUMENTATION_COMMENTS = YES;
				CLANG_WARN_EMPTY_BODY = YES;
				CLANG_WARN_ENUM_CONVERSION = YES;
				CLANG_WARN_INFINITE_RECURSION = YES;
				CLANG_WARN_INT_CONVERSION = YES;
				CLANG_WARN_NON_LITERAL_NULL_CONVERSION = YES;
				CLANG_WARN_OBJC_IMPLICIT_RETAIN_SELF = YES;
				CLANG_WARN_OBJC_LITERAL_CONVERSION = YES;
				CLANG_WARN_OBJC_ROOT_CLASS = YES_ERROR;
				CLANG_WARN_QUOTED_INCLUDE_IN_FRAMEWORK_HEADER = YES;
				CLANG_WARN_RANGE_LOOP_ANALYSIS = YES;
				CLANG_WARN_STRICT_PROTOTYPES = YES;
				CLANG_WARN_SUSPICIOUS_MOVE = YES;
				CLANG_WARN_UNGUARDED_AVAILABILITY = YES_AGGRESSIVE;
				CLANG_WARN_UNREACHABLE_CODE = YES;
				CLANG_WARN__DUPLICATE_METHOD_MATCH = YES;
				COPY_PHASE_STRIP = NO;
				DEBUG_INFORMATION_FORMAT = dwarf;
				ENABLE_STRICT_OBJC_MSGSEND = YES;
				ENABLE_TESTABILITY = YES;
				GCC_C_LANGUAGE_STANDARD = gnu11;
				GCC_DYNAMIC_NO_PIC = NO;
				GCC_NO_COMMON_BLOCKS = YES;
				GCC_OPTIMIZATION_LEVEL = 0;
				GCC_PREPROCESSOR_DEFINITIONS = (
					"DEBUG=1",
					"$(inherited)",
				);
				GCC_WARN_64_TO_32_BIT_CONVERSION = YES;
				GCC_WARN_ABOUT_RETURN_TYPE = YES_ERROR;
				GCC_WARN_UNDECLARED_SELECTOR = YES;
				GCC_WARN_UNINITIALIZED_AUTOS = YES_AGGRESSIVE;
				GCC_WARN_UNUSED_FUNCTION = YES;
				GCC_WARN_UNUSED_VARIABLE = YES;
				IPHONEOS_DEPLOYMENT_TARGET = 16.2;
				MTL_ENABLE_DEBUG_INFO = INCLUDE_SOURCE;
				MTL_FAST_MATH = YES;
				ONLY_ACTIVE_ARCH = YES;
				SDKROOT = iphoneos;
				SWIFT_ACTIVE_COMPILATION_CONDITIONS = DEBUG;
				SWIFT_OPTIMIZATION_LEVEL = "-Onone";
			};
			name = Debug;
		};
		84B0E4A929B70B340068EC00 /* Release */ = {
			isa = XCBuildConfiguration;
			buildSettings = {
				ALWAYS_SEARCH_USER_PATHS = NO;
				CLANG_ANALYZER_NONNULL = YES;
				CLANG_ANALYZER_NUMBER_OBJECT_CONVERSION = YES_AGGRESSIVE;
				CLANG_CXX_LANGUAGE_STANDARD = "gnu++20";
				CLANG_ENABLE_MODULES = YES;
				CLANG_ENABLE_OBJC_ARC = YES;
				CLANG_ENABLE_OBJC_WEAK = YES;
				CLANG_WARN_BLOCK_CAPTURE_AUTORELEASING = YES;
				CLANG_WARN_BOOL_CONVERSION = YES;
				CLANG_WARN_COMMA = YES;
				CLANG_WARN_CONSTANT_CONVERSION = YES;
				CLANG_WARN_DEPRECATED_OBJC_IMPLEMENTATIONS = YES;
				CLANG_WARN_DIRECT_OBJC_ISA_USAGE = YES_ERROR;
				CLANG_WARN_DOCUMENTATION_COMMENTS = YES;
				CLANG_WARN_EMPTY_BODY = YES;
				CLANG_WARN_ENUM_CONVERSION = YES;
				CLANG_WARN_INFINITE_RECURSION = YES;
				CLANG_WARN_INT_CONVERSION = YES;
				CLANG_WARN_NON_LITERAL_NULL_CONVERSION = YES;
				CLANG_WARN_OBJC_IMPLICIT_RETAIN_SELF = YES;
				CLANG_WARN_OBJC_LITERAL_CONVERSION = YES;
				CLANG_WARN_OBJC_ROOT_CLASS = YES_ERROR;
				CLANG_WARN_QUOTED_INCLUDE_IN_FRAMEWORK_HEADER = YES;
				CLANG_WARN_RANGE_LOOP_ANALYSIS = YES;
				CLANG_WARN_STRICT_PROTOTYPES = YES;
				CLANG_WARN_SUSPICIOUS_MOVE = YES;
				CLANG_WARN_UNGUARDED_AVAILABILITY = YES_AGGRESSIVE;
				CLANG_WARN_UNREACHABLE_CODE = YES;
				CLANG_WARN__DUPLICATE_METHOD_MATCH = YES;
				COPY_PHASE_STRIP = NO;
				DEBUG_INFORMATION_FORMAT = "dwarf-with-dsym";
				ENABLE_NS_ASSERTIONS = NO;
				ENABLE_STRICT_OBJC_MSGSEND = YES;
				GCC_C_LANGUAGE_STANDARD = gnu11;
				GCC_NO_COMMON_BLOCKS = YES;
				GCC_WARN_64_TO_32_BIT_CONVERSION = YES;
				GCC_WARN_ABOUT_RETURN_TYPE = YES_ERROR;
				GCC_WARN_UNDECLARED_SELECTOR = YES;
				GCC_WARN_UNINITIALIZED_AUTOS = YES_AGGRESSIVE;
				GCC_WARN_UNUSED_FUNCTION = YES;
				GCC_WARN_UNUSED_VARIABLE = YES;
				IPHONEOS_DEPLOYMENT_TARGET = 16.2;
				MTL_ENABLE_DEBUG_INFO = NO;
				MTL_FAST_MATH = YES;
				SDKROOT = iphoneos;
				SWIFT_COMPILATION_MODE = wholemodule;
				SWIFT_OPTIMIZATION_LEVEL = "-O";
				VALIDATE_PRODUCT = YES;
			};
			name = Release;
		};
		84B0E4AB29B70B340068EC00 /* Debug */ = {
			isa = XCBuildConfiguration;
			baseConfigurationReference = 6BC570BD37FC84A846C4223F /* Pods-GoogleBooks.debug.xcconfig */;
			buildSettings = {
				ASSETCATALOG_COMPILER_APPICON_NAME = AppIcon;
				ASSETCATALOG_COMPILER_GLOBAL_ACCENT_COLOR_NAME = AccentColor;
				CODE_SIGN_STYLE = Automatic;
				CURRENT_PROJECT_VERSION = 1;
				GENERATE_INFOPLIST_FILE = YES;
				INFOPLIST_FILE = GoogleBooks/Resources/Info.plist;
				INFOPLIST_KEY_UIApplicationSupportsIndirectInputEvents = YES;
				INFOPLIST_KEY_UILaunchStoryboardName = LaunchScreen;
				INFOPLIST_KEY_UISupportedInterfaceOrientations_iPad = "UIInterfaceOrientationPortrait UIInterfaceOrientationPortraitUpsideDown UIInterfaceOrientationLandscapeLeft UIInterfaceOrientationLandscapeRight";
				INFOPLIST_KEY_UISupportedInterfaceOrientations_iPhone = "UIInterfaceOrientationPortrait UIInterfaceOrientationLandscapeLeft UIInterfaceOrientationLandscapeRight";
				LD_RUNPATH_SEARCH_PATHS = (
					"$(inherited)",
					"@executable_path/Frameworks",
				);
				MARKETING_VERSION = 1.0;
				PRODUCT_BUNDLE_IDENTIFIER = com.ViktopIN.GoogleBooks;
				PRODUCT_NAME = "$(TARGET_NAME)";
				SWIFT_EMIT_LOC_STRINGS = YES;
				SWIFT_VERSION = 5.0;
				TARGETED_DEVICE_FAMILY = "1,2";
			};
			name = Debug;
		};
		84B0E4AC29B70B340068EC00 /* Release */ = {
			isa = XCBuildConfiguration;
			baseConfigurationReference = 91CE70E937C94FA9D58B6FE2 /* Pods-GoogleBooks.release.xcconfig */;
			buildSettings = {
				ASSETCATALOG_COMPILER_APPICON_NAME = AppIcon;
				ASSETCATALOG_COMPILER_GLOBAL_ACCENT_COLOR_NAME = AccentColor;
				CODE_SIGN_STYLE = Automatic;
				CURRENT_PROJECT_VERSION = 1;
				GENERATE_INFOPLIST_FILE = YES;
				INFOPLIST_FILE = GoogleBooks/Resources/Info.plist;
				INFOPLIST_KEY_UIApplicationSupportsIndirectInputEvents = YES;
				INFOPLIST_KEY_UILaunchStoryboardName = LaunchScreen;
				INFOPLIST_KEY_UISupportedInterfaceOrientations_iPad = "UIInterfaceOrientationPortrait UIInterfaceOrientationPortraitUpsideDown UIInterfaceOrientationLandscapeLeft UIInterfaceOrientationLandscapeRight";
				INFOPLIST_KEY_UISupportedInterfaceOrientations_iPhone = "UIInterfaceOrientationPortrait UIInterfaceOrientationLandscapeLeft UIInterfaceOrientationLandscapeRight";
				LD_RUNPATH_SEARCH_PATHS = (
					"$(inherited)",
					"@executable_path/Frameworks",
				);
				MARKETING_VERSION = 1.0;
				PRODUCT_BUNDLE_IDENTIFIER = com.ViktopIN.GoogleBooks;
				PRODUCT_NAME = "$(TARGET_NAME)";
				SWIFT_EMIT_LOC_STRINGS = YES;
				SWIFT_VERSION = 5.0;
				TARGETED_DEVICE_FAMILY = "1,2";
			};
			name = Release;
		};
/* End XCBuildConfiguration section */

/* Begin XCConfigurationList section */
		84B0E49129B70B340068EC00 /* Build configuration list for PBXProject "GoogleBooks" */ = {
			isa = XCConfigurationList;
			buildConfigurations = (
				84B0E4A829B70B340068EC00 /* Debug */,
				84B0E4A929B70B340068EC00 /* Release */,
			);
			defaultConfigurationIsVisible = 0;
			defaultConfigurationName = Release;
		};
		84B0E4AA29B70B340068EC00 /* Build configuration list for PBXNativeTarget "GoogleBooks" */ = {
			isa = XCConfigurationList;
			buildConfigurations = (
				84B0E4AB29B70B340068EC00 /* Debug */,
				84B0E4AC29B70B340068EC00 /* Release */,
			);
			defaultConfigurationIsVisible = 0;
			defaultConfigurationName = Release;
		};
/* End XCConfigurationList section */
	};
	rootObject = 84B0E48E29B70B340068EC00 /* Project object */;
}
